
Microsoft Visual Studio Solution File, Format Version 12.00
# Visual Studio Version 17
VisualStudioVersion = 17.0.32014.148
MinimumVisualStudioVersion = 10.0.40219.1
Project("{8BC9CEB8-8B4A-11D0-8D11-00A0C91BC942}") = "Engine", "Engine\Engine.vcxproj", "{0FB0DEB3-74EA-450C-AC37-7491FC97B60D}"
EndProject
Project("{8BC9CEB8-8B4A-11D0-8D11-00A0C91BC942}") = "Test", "Test\Test.vcxproj", "{9E07D319-F45C-40F4-976F-B4F8F1BF7F8C}"
EndProject
Project("{8BC9CEB8-8B4A-11D0-8D11-00A0C91BC942}") = "lib", "lib\lib.vcxproj", "{72878CBB-277A-4DC9-B385-3ADBBFAC8218}"
EndProject
Project("{2150E333-8FDC-42A3-9474-1A3956D46DE8}") = "api", "api", "{3FCEB0B4-E62E-46E1-A18C-F8419AEC3CD6}"
EndProject
Project("{2150E333-8FDC-42A3-9474-1A3956D46DE8}") = "gfx", "gfx", "{5D91B6CF-7B69-4E7B-BD8E-B04692697C30}"
EndProject
Project("{8BC9CEB8-8B4A-11D0-8D11-00A0C91BC942}") = "gfx_ogl", "api\gfx\gfx_ogl\gfx_ogl.vcxproj", "{7B509775-EB66-4E4F-BF4B-D391092DA64F}"
EndProject
Project("{8BC9CEB8-8B4A-11D0-8D11-00A0C91BC942}") = "gfx_dx11", "api\gfx\gfx_dx11\gfx_dx11.vcxproj", "{26B47D1C-DE72-4E98-BF34-6B1AA59078DF}"
EndProject
Project("{8BC9CEB8-8B4A-11D0-8D11-00A0C91BC942}") = "gfx_none", "api\gfx\gfx_none\gfx_none.vcxproj", "{78F622C9-58C9-4D57-B6C1-27A4DB567C89}"
EndProject
Project("{8BC9CEB8-8B4A-11D0-8D11-00A0C91BC942}") = "gfx", "api\gfx\gfx\gfx.vcxproj", "{46FCBC57-1A11-4D82-BA42-A592F640A163}"
EndProject
Project("{2150E333-8FDC-42A3-9474-1A3956D46DE8}") = "wnd", "wnd", "{C173B8B8-4F03-4CD3-9C8A-B7F762057A63}"
EndProject
Project("{8BC9CEB8-8B4A-11D0-8D11-00A0C91BC942}") = "wnd", "api\wnd\wnd\wnd.vcxproj", "{BE35E2A9-5B96-432E-9191-C47120199BB3}"
EndProject
Project("{8BC9CEB8-8B4A-11D0-8D11-00A0C91BC942}") = "wnd_win", "api\wnd\wnd_win\wnd_win.vcxproj", "{D3A773FE-5D24-4906-830A-FC5A0747B689}"
EndProject
Project("{2150E333-8FDC-42A3-9474-1A3956D46DE8}") = "utils", "utils", "{B84795B4-39E4-47ED-A83C-D95207E859E1}"
EndProject
Project("{8BC9CEB8-8B4A-11D0-8D11-00A0C91BC942}") = "utils_win", "api\utils\utils_win\utils_win.vcxproj", "{16D7A09B-F58E-4E0E-A041-88DC0B968C09}"
EndProject
Project("{8BC9CEB8-8B4A-11D0-8D11-00A0C91BC942}") = "utils", "api\utils\utils\utils.vcxproj", "{9D4CA7DC-EBB0-49AC-B173-FFD842A0D3F7}"
EndProject
Project("{8BC9CEB8-8B4A-11D0-8D11-00A0C91BC942}") = "utils_none", "api\utils\utils_none\utils_none.vcxproj", "{CAB1B6BA-B6F6-40F5-9022-6642750F0505}"
EndProject
Project("{8BC9CEB8-8B4A-11D0-8D11-00A0C91BC942}") = "wnd_none", "api\wnd\wnd_none\wnd_none.vcxproj", "{B6ACACEC-9A6D-41DF-9936-6177D42F2EC4}"
EndProject
Global
	GlobalSection(SolutionConfigurationPlatforms) = preSolution
		Debug|x64 = Debug|x64
		Debug|x86 = Debug|x86
		Release|x64 = Release|x64
		Release|x86 = Release|x86
	EndGlobalSection
	GlobalSection(ProjectConfigurationPlatforms) = postSolution
		{0FB0DEB3-74EA-450C-AC37-7491FC97B60D}.Debug|x64.ActiveCfg = Debug|x64
		{0FB0DEB3-74EA-450C-AC37-7491FC97B60D}.Debug|x64.Build.0 = Debug|x64
		{0FB0DEB3-74EA-450C-AC37-7491FC97B60D}.Debug|x86.ActiveCfg = Debug|Win32
		{0FB0DEB3-74EA-450C-AC37-7491FC97B60D}.Debug|x86.Build.0 = Debug|Win32
		{0FB0DEB3-74EA-450C-AC37-7491FC97B60D}.Release|x64.ActiveCfg = Release|x64
		{0FB0DEB3-74EA-450C-AC37-7491FC97B60D}.Release|x64.Build.0 = Release|x64
		{0FB0DEB3-74EA-450C-AC37-7491FC97B60D}.Release|x86.ActiveCfg = Release|Win32
		{0FB0DEB3-74EA-450C-AC37-7491FC97B60D}.Release|x86.Build.0 = Release|Win32
		{9E07D319-F45C-40F4-976F-B4F8F1BF7F8C}.Debug|x64.ActiveCfg = Debug|x64
		{9E07D319-F45C-40F4-976F-B4F8F1BF7F8C}.Debug|x64.Build.0 = Debug|x64
		{9E07D319-F45C-40F4-976F-B4F8F1BF7F8C}.Debug|x86.ActiveCfg = Debug|Win32
		{9E07D319-F45C-40F4-976F-B4F8F1BF7F8C}.Debug|x86.Build.0 = Debug|Win32
		{9E07D319-F45C-40F4-976F-B4F8F1BF7F8C}.Release|x64.ActiveCfg = Release|x64
		{9E07D319-F45C-40F4-976F-B4F8F1BF7F8C}.Release|x64.Build.0 = Release|x64
		{9E07D319-F45C-40F4-976F-B4F8F1BF7F8C}.Release|x86.ActiveCfg = Release|Win32
		{9E07D319-F45C-40F4-976F-B4F8F1BF7F8C}.Release|x86.Build.0 = Release|Win32
		{72878CBB-277A-4DC9-B385-3ADBBFAC8218}.Debug|x64.ActiveCfg = Debug|x64
		{72878CBB-277A-4DC9-B385-3ADBBFAC8218}.Debug|x64.Build.0 = Debug|x64
		{72878CBB-277A-4DC9-B385-3ADBBFAC8218}.Debug|x86.ActiveCfg = Debug|Win32
		{72878CBB-277A-4DC9-B385-3ADBBFAC8218}.Debug|x86.Build.0 = Debug|Win32
		{72878CBB-277A-4DC9-B385-3ADBBFAC8218}.Release|x64.ActiveCfg = Release|x64
		{72878CBB-277A-4DC9-B385-3ADBBFAC8218}.Release|x64.Build.0 = Release|x64
		{72878CBB-277A-4DC9-B385-3ADBBFAC8218}.Release|x86.ActiveCfg = Release|Win32
		{72878CBB-277A-4DC9-B385-3ADBBFAC8218}.Release|x86.Build.0 = Release|Win32
		{7B509775-EB66-4E4F-BF4B-D391092DA64F}.Debug|x64.ActiveCfg = Debug|x64
		{7B509775-EB66-4E4F-BF4B-D391092DA64F}.Debug|x64.Build.0 = Debug|x64
		{7B509775-EB66-4E4F-BF4B-D391092DA64F}.Debug|x86.ActiveCfg = Debug|Win32
		{7B509775-EB66-4E4F-BF4B-D391092DA64F}.Debug|x86.Build.0 = Debug|Win32
		{7B509775-EB66-4E4F-BF4B-D391092DA64F}.Release|x64.ActiveCfg = Release|x64
		{7B509775-EB66-4E4F-BF4B-D391092DA64F}.Release|x64.Build.0 = Release|x64
		{7B509775-EB66-4E4F-BF4B-D391092DA64F}.Release|x86.ActiveCfg = Release|Win32
		{7B509775-EB66-4E4F-BF4B-D391092DA64F}.Release|x86.Build.0 = Release|Win32
		{26B47D1C-DE72-4E98-BF34-6B1AA59078DF}.Debug|x64.ActiveCfg = Debug|x64
		{26B47D1C-DE72-4E98-BF34-6B1AA59078DF}.Debug|x64.Build.0 = Debug|x64
		{26B47D1C-DE72-4E98-BF34-6B1AA59078DF}.Debug|x86.ActiveCfg = Debug|Win32
		{26B47D1C-DE72-4E98-BF34-6B1AA59078DF}.Debug|x86.Build.0 = Debug|Win32
		{26B47D1C-DE72-4E98-BF34-6B1AA59078DF}.Release|x64.ActiveCfg = Release|x64
		{26B47D1C-DE72-4E98-BF34-6B1AA59078DF}.Release|x64.Build.0 = Release|x64
		{26B47D1C-DE72-4E98-BF34-6B1AA59078DF}.Release|x86.ActiveCfg = Release|Win32
		{26B47D1C-DE72-4E98-BF34-6B1AA59078DF}.Release|x86.Build.0 = Release|Win32
		{78F622C9-58C9-4D57-B6C1-27A4DB567C89}.Debug|x64.ActiveCfg = Debug|x64
		{78F622C9-58C9-4D57-B6C1-27A4DB567C89}.Debug|x64.Build.0 = Debug|x64
		{78F622C9-58C9-4D57-B6C1-27A4DB567C89}.Debug|x86.ActiveCfg = Debug|Win32
		{78F622C9-58C9-4D57-B6C1-27A4DB567C89}.Debug|x86.Build.0 = Debug|Win32
		{78F622C9-58C9-4D57-B6C1-27A4DB567C89}.Release|x64.ActiveCfg = Release|x64
		{78F622C9-58C9-4D57-B6C1-27A4DB567C89}.Release|x64.Build.0 = Release|x64
		{78F622C9-58C9-4D57-B6C1-27A4DB567C89}.Release|x86.ActiveCfg = Release|Win32
		{78F622C9-58C9-4D57-B6C1-27A4DB567C89}.Release|x86.Build.0 = Release|Win32
		{46FCBC57-1A11-4D82-BA42-A592F640A163}.Debug|x64.ActiveCfg = Debug|x64
		{46FCBC57-1A11-4D82-BA42-A592F640A163}.Debug|x64.Build.0 = Debug|x64
		{46FCBC57-1A11-4D82-BA42-A592F640A163}.Debug|x86.ActiveCfg = Debug|Win32
		{46FCBC57-1A11-4D82-BA42-A592F640A163}.Debug|x86.Build.0 = Debug|Win32
		{46FCBC57-1A11-4D82-BA42-A592F640A163}.Release|x64.ActiveCfg = Release|x64
		{46FCBC57-1A11-4D82-BA42-A592F640A163}.Release|x64.Build.0 = Release|x64
		{46FCBC57-1A11-4D82-BA42-A592F640A163}.Release|x86.ActiveCfg = Release|Win32
		{46FCBC57-1A11-4D82-BA42-A592F640A163}.Release|x86.Build.0 = Release|Win32
		{BE35E2A9-5B96-432E-9191-C47120199BB3}.Debug|x64.ActiveCfg = Debug|x64
		{BE35E2A9-5B96-432E-9191-C47120199BB3}.Debug|x64.Build.0 = Debug|x64
		{BE35E2A9-5B96-432E-9191-C47120199BB3}.Debug|x86.ActiveCfg = Debug|Win32
		{BE35E2A9-5B96-432E-9191-C47120199BB3}.Debug|x86.Build.0 = Debug|Win32
		{BE35E2A9-5B96-432E-9191-C47120199BB3}.Release|x64.ActiveCfg = Release|x64
		{BE35E2A9-5B96-432E-9191-C47120199BB3}.Release|x64.Build.0 = Release|x64
		{BE35E2A9-5B96-432E-9191-C47120199BB3}.Release|x86.ActiveCfg = Release|Win32
		{BE35E2A9-5B96-432E-9191-C47120199BB3}.Release|x86.Build.0 = Release|Win32
		{D3A773FE-5D24-4906-830A-FC5A0747B689}.Debug|x64.ActiveCfg = Debug|x64
		{D3A773FE-5D24-4906-830A-FC5A0747B689}.Debug|x64.Build.0 = Debug|x64
		{D3A773FE-5D24-4906-830A-FC5A0747B689}.Debug|x86.ActiveCfg = Debug|Win32
		{D3A773FE-5D24-4906-830A-FC5A0747B689}.Debug|x86.Build.0 = Debug|Win32
		{D3A773FE-5D24-4906-830A-FC5A0747B689}.Release|x64.ActiveCfg = Release|x64
		{D3A773FE-5D24-4906-830A-FC5A0747B689}.Release|x64.Build.0 = Release|x64
		{D3A773FE-5D24-4906-830A-FC5A0747B689}.Release|x86.ActiveCfg = Release|Win32
		{D3A773FE-5D24-4906-830A-FC5A0747B689}.Release|x86.Build.0 = Release|Win32
		{16D7A09B-F58E-4E0E-A041-88DC0B968C09}.Debug|x64.ActiveCfg = Debug|x64
		{16D7A09B-F58E-4E0E-A041-88DC0B968C09}.Debug|x64.Build.0 = Debug|x64
		{16D7A09B-F58E-4E0E-A041-88DC0B968C09}.Debug|x86.ActiveCfg = Debug|Win32
		{16D7A09B-F58E-4E0E-A041-88DC0B968C09}.Debug|x86.Build.0 = Debug|Win32
		{16D7A09B-F58E-4E0E-A041-88DC0B968C09}.Release|x64.ActiveCfg = Release|x64
		{16D7A09B-F58E-4E0E-A041-88DC0B968C09}.Release|x64.Build.0 = Release|x64
		{16D7A09B-F58E-4E0E-A041-88DC0B968C09}.Release|x86.ActiveCfg = Release|Win32
		{16D7A09B-F58E-4E0E-A041-88DC0B968C09}.Release|x86.Build.0 = Release|Win32
		{9D4CA7DC-EBB0-49AC-B173-FFD842A0D3F7}.Debug|x64.ActiveCfg = Debug|x64
		{9D4CA7DC-EBB0-49AC-B173-FFD842A0D3F7}.Debug|x64.Build.0 = Debug|x64
		{9D4CA7DC-EBB0-49AC-B173-FFD842A0D3F7}.Debug|x86.ActiveCfg = Debug|Win32
		{9D4CA7DC-EBB0-49AC-B173-FFD842A0D3F7}.Debug|x86.Build.0 = Debug|Win32
		{9D4CA7DC-EBB0-49AC-B173-FFD842A0D3F7}.Release|x64.ActiveCfg = Release|x64
		{9D4CA7DC-EBB0-49AC-B173-FFD842A0D3F7}.Release|x64.Build.0 = Release|x64
		{9D4CA7DC-EBB0-49AC-B173-FFD842A0D3F7}.Release|x86.ActiveCfg = Release|Win32
		{9D4CA7DC-EBB0-49AC-B173-FFD842A0D3F7}.Release|x86.Build.0 = Release|Win32
		{CAB1B6BA-B6F6-40F5-9022-6642750F0505}.Debug|x64.ActiveCfg = Debug|x64
		{CAB1B6BA-B6F6-40F5-9022-6642750F0505}.Debug|x64.Build.0 = Debug|x64
		{CAB1B6BA-B6F6-40F5-9022-6642750F0505}.Debug|x86.ActiveCfg = Debug|Win32
		{CAB1B6BA-B6F6-40F5-9022-6642750F0505}.Debug|x86.Build.0 = Debug|Win32
		{CAB1B6BA-B6F6-40F5-9022-6642750F0505}.Release|x64.ActiveCfg = Release|x64
		{CAB1B6BA-B6F6-40F5-9022-6642750F0505}.Release|x64.Build.0 = Release|x64
		{CAB1B6BA-B6F6-40F5-9022-6642750F0505}.Release|x86.ActiveCfg = Release|Win32
		{CAB1B6BA-B6F6-40F5-9022-6642750F0505}.Release|x86.Build.0 = Release|Win32
		{B6ACACEC-9A6D-41DF-9936-6177D42F2EC4}.Debug|x64.ActiveCfg = Debug|x64
		{B6ACACEC-9A6D-41DF-9936-6177D42F2EC4}.Debug|x64.Build.0 = Debug|x64
		{B6ACACEC-9A6D-41DF-9936-6177D42F2EC4}.Debug|x86.ActiveCfg = Debug|Win32
		{B6ACACEC-9A6D-41DF-9936-6177D42F2EC4}.Debug|x86.Build.0 = Debug|Win32
		{B6ACACEC-9A6D-41DF-9936-6177D42F2EC4}.Release|x64.ActiveCfg = Release|x64
		{B6ACACEC-9A6D-41DF-9936-6177D42F2EC4}.Release|x64.Build.0 = Release|x64
		{B6ACACEC-9A6D-41DF-9936-6177D42F2EC4}.Release|x86.ActiveCfg = Release|Win32
		{B6ACACEC-9A6D-41DF-9936-6177D42F2EC4}.Release|x86.Build.0 = Release|Win32
	EndGlobalSection
	GlobalSection(SolutionProperties) = preSolution
		HideSolutionNode = FALSE
	EndGlobalSection
	GlobalSection(NestedProjects) = preSolution
		{5D91B6CF-7B69-4E7B-BD8E-B04692697C30} = {3FCEB0B4-E62E-46E1-A18C-F8419AEC3CD6}
		{7B509775-EB66-4E4F-BF4B-D391092DA64F} = {5D91B6CF-7B69-4E7B-BD8E-B04692697C30}
		{26B47D1C-DE72-4E98-BF34-6B1AA59078DF} = {5D91B6CF-7B69-4E7B-BD8E-B04692697C30}
		{78F622C9-58C9-4D57-B6C1-27A4DB567C89} = {5D91B6CF-7B69-4E7B-BD8E-B04692697C30}
		{46FCBC57-1A11-4D82-BA42-A592F640A163} = {5D91B6CF-7B69-4E7B-BD8E-B04692697C30}
		{C173B8B8-4F03-4CD3-9C8A-B7F762057A63} = {3FCEB0B4-E62E-46E1-A18C-F8419AEC3CD6}
		{BE35E2A9-5B96-432E-9191-C47120199BB3} = {C173B8B8-4F03-4CD3-9C8A-B7F762057A63}
		{D3A773FE-5D24-4906-830A-FC5A0747B689} = {C173B8B8-4F03-4CD3-9C8A-B7F762057A63}
		{B84795B4-39E4-47ED-A83C-D95207E859E1} = {3FCEB0B4-E62E-46E1-A18C-F8419AEC3CD6}
		{16D7A09B-F58E-4E0E-A041-88DC0B968C09} = {B84795B4-39E4-47ED-A83C-D95207E859E1}
		{9D4CA7DC-EBB0-49AC-B173-FFD842A0D3F7} = {B84795B4-39E4-47ED-A83C-D95207E859E1}
		{CAB1B6BA-B6F6-40F5-9022-6642750F0505} = {B84795B4-39E4-47ED-A83C-D95207E859E1}
		{B6ACACEC-9A6D-41DF-9936-6177D42F2EC4} = {C173B8B8-4F03-4CD3-9C8A-B7F762057A63}
	EndGlobalSection
	GlobalSection(ExtensibilityGlobals) = postSolution
		SolutionGuid = {8DAB66AF-73F3-4AC9-9897-8A311BC88364}
	EndGlobalSection
EndGlobal
